
Microsoft Visual Studio Solution File, Format Version 12.00
# Visual Studio 14
VisualStudioVersion = 14.0.24720.0
MinimumVisualStudioVersion = 10.0.40219.1
Project("{FAE04EC0-301F-11D3-BF4B-00C04F79EFBC}") = "ChallengeTask_Lecture6", "ChallengeTask_Lecture6\ChallengeTask_Lecture6.csproj", "{C7B05B6C-AEA1-453D-9E8E-46A21E203C7A}"
EndProject
Global
	GlobalSection(SolutionConfigurationPlatforms) = preSolution
		Debug|Any CPU = Debug|Any CPU
		Release|Any CPU = Release|Any CPU
	EndGlobalSection
	GlobalSection(ProjectConfigurationPlatforms) = postSolution
		{C7B05B6C-AEA1-453D-9E8E-46A21E203C7A}.Debug|Any CPU.ActiveCfg = Debug|Any CPU
		{C7B05B6C-AEA1-453D-9E8E-46A21E203C7A}.Debug|Any CPU.Build.0 = Debug|Any CPU
		{C7B05B6C-AEA1-453D-9E8E-46A21E203C7A}.Release|Any CPU.ActiveCfg = Release|Any CPU
		{C7B05B6C-AEA1-453D-9E8E-46A21E203C7A}.Release|Any CPU.Build.0 = Release|Any CPU
	EndGlobalSection
	GlobalSection(SolutionProperties) = preSolution
		HideSolutionNode = FALSE
	EndGlobalSection
EndGlobal
